
Microsoft Visual Studio Solution File, Format Version 12.00
# Visual Studio 15
VisualStudioVersion = 15.0.27309.0
MinimumVisualStudioVersion = 10.0.40219.1
Project("{FAE04EC0-301F-11D3-BF4B-00C04F79EFBC}") = "FunBooksAndVideos", "FunBooksAndVideos\FunBooksAndVideos.csproj", "{7918D9BB-2DEF-4975-9387-FC6586A8CC8B}"
EndProject
Project("{FAE04EC0-301F-11D3-BF4B-00C04F79EFBC}") = "FunBooksAndVideos.Test", "FunBooksAndVideos.Test\FunBooksAndVideos.Test.csproj", "{5156C3B1-D836-4F7A-A190-88C4E13FD82F}"
EndProject
Global
	GlobalSection(SolutionConfigurationPlatforms) = preSolution
		Debug|Any CPU = Debug|Any CPU
		Release|Any CPU = Release|Any CPU
	EndGlobalSection
	GlobalSection(ProjectConfigurationPlatforms) = postSolution
		{7918D9BB-2DEF-4975-9387-FC6586A8CC8B}.Debug|Any CPU.ActiveCfg = Debug|Any CPU
		{7918D9BB-2DEF-4975-9387-FC6586A8CC8B}.Debug|Any CPU.Build.0 = Debug|Any CPU
		{7918D9BB-2DEF-4975-9387-FC6586A8CC8B}.Release|Any CPU.ActiveCfg = Release|Any CPU
		{7918D9BB-2DEF-4975-9387-FC6586A8CC8B}.Release|Any CPU.Build.0 = Release|Any CPU
		{5156C3B1-D836-4F7A-A190-88C4E13FD82F}.Debug|Any CPU.ActiveCfg = Debug|Any CPU
		{5156C3B1-D836-4F7A-A190-88C4E13FD82F}.Debug|Any CPU.Build.0 = Debug|Any CPU
		{5156C3B1-D836-4F7A-A190-88C4E13FD82F}.Release|Any CPU.ActiveCfg = Release|Any CPU
		{5156C3B1-D836-4F7A-A190-88C4E13FD82F}.Release|Any CPU.Build.0 = Release|Any CPU
	EndGlobalSection
	GlobalSection(SolutionProperties) = preSolution
		HideSolutionNode = FALSE
	EndGlobalSection
	GlobalSection(ExtensibilityGlobals) = postSolution
		SolutionGuid = {12256740-ED90-416E-B5ED-9FD88187337A}
	EndGlobalSection
EndGlobal
